
Microsoft Visual Studio Solution File, Format Version 12.00
# Visual Studio Version 16
VisualStudioVersion = 16.0.31205.134
MinimumVisualStudioVersion = 10.0.40219.1
Project("{FAE04EC0-301F-11D3-BF4B-00C04F79EFBC}") = "TestUngDung", "TestUngDung\TestUngDung.csproj", "{FCE4B4CE-6429-4030-927A-E6CA792B0072}"
EndProject
Project("{FAE04EC0-301F-11D3-BF4B-00C04F79EFBC}") = "ModelEF", "ModelEF\ModelEF.csproj", "{6C036B6E-8112-4C8C-837E-2C7F50379706}"
EndProject
Global
	GlobalSection(SolutionConfigurationPlatforms) = preSolution
		Debug|Any CPU = Debug|Any CPU
		Release|Any CPU = Release|Any CPU
	EndGlobalSection
	GlobalSection(ProjectConfigurationPlatforms) = postSolution
		{FCE4B4CE-6429-4030-927A-E6CA792B0072}.Debug|Any CPU.ActiveCfg = Debug|Any CPU
		{FCE4B4CE-6429-4030-927A-E6CA792B0072}.Debug|Any CPU.Build.0 = Debug|Any CPU
		{FCE4B4CE-6429-4030-927A-E6CA792B0072}.Release|Any CPU.ActiveCfg = Release|Any CPU
		{FCE4B4CE-6429-4030-927A-E6CA792B0072}.Release|Any CPU.Build.0 = Release|Any CPU
		{6C036B6E-8112-4C8C-837E-2C7F50379706}.Debug|Any CPU.ActiveCfg = Debug|Any CPU
		{6C036B6E-8112-4C8C-837E-2C7F50379706}.Debug|Any CPU.Build.0 = Debug|Any CPU
		{6C036B6E-8112-4C8C-837E-2C7F50379706}.Release|Any CPU.ActiveCfg = Release|Any CPU
		{6C036B6E-8112-4C8C-837E-2C7F50379706}.Release|Any CPU.Build.0 = Release|Any CPU
	EndGlobalSection
	GlobalSection(SolutionProperties) = preSolution
		HideSolutionNode = FALSE
	EndGlobalSection
	GlobalSection(ExtensibilityGlobals) = postSolution
		SolutionGuid = {A0355927-5982-4BC5-889E-ABD582225FF2}
	EndGlobalSection
EndGlobal
